
Microsoft Visual Studio Solution File, Format Version 12.00
# Visual Studio 2013
Project("{FAE04EC0-301F-11D3-BF4B-00C04F79EFBC}") = "JX2U.CSharp", "JX2U.CSharp.csproj", "{D5E166BA-9781-251E-6A7C-8D4D5A60AC0D}"
EndProject
Project("{FAE04EC0-301F-11D3-BF4B-00C04F79EFBC}") = "JX2U.CSharp.Editor", "JX2U.CSharp.Editor.csproj", "{A7430E97-2E01-2716-07F4-EB06331DDCA0}"
EndProject
Global
	GlobalSection(SolutionConfigurationPlatforms) = preSolution
		Debug|Any CPU = Debug|Any CPU
		Release|Any CPU = Release|Any CPU
	EndGlobalSection
	GlobalSection(ProjectConfigurationPlatforms) = postSolution
		{D5E166BA-9781-251E-6A7C-8D4D5A60AC0D}.Debug|Any CPU.ActiveCfg = Debug|Any CPU
		{D5E166BA-9781-251E-6A7C-8D4D5A60AC0D}.Debug|Any CPU.Build.0 = Debug|Any CPU
		{D5E166BA-9781-251E-6A7C-8D4D5A60AC0D}.Release|Any CPU.ActiveCfg = Release|Any CPU
		{D5E166BA-9781-251E-6A7C-8D4D5A60AC0D}.Release|Any CPU.Build.0 = Release|Any CPU
		{A7430E97-2E01-2716-07F4-EB06331DDCA0}.Debug|Any CPU.ActiveCfg = Debug|Any CPU
		{A7430E97-2E01-2716-07F4-EB06331DDCA0}.Debug|Any CPU.Build.0 = Debug|Any CPU
		{A7430E97-2E01-2716-07F4-EB06331DDCA0}.Release|Any CPU.ActiveCfg = Release|Any CPU
		{A7430E97-2E01-2716-07F4-EB06331DDCA0}.Release|Any CPU.Build.0 = Release|Any CPU
	EndGlobalSection
	GlobalSection(SolutionProperties) = preSolution
		HideSolutionNode = FALSE
	EndGlobalSection
EndGlobal
